// !$*UTF8*$!
{
	archiveVersion = 1;
	classes = {
	};
	objectVersion = 56;
	objects = {

/* Begin PBXBuildFile section */
		316476472CE72C2C00A62112 /* Colors.swift in Sources */ = {isa = PBXBuildFile; fileRef = 316476462CE72C2C00A62112 /* Colors.swift */; };
		316476492CE72C6500A62112 /* UIView+Gradient.swift in Sources */ = {isa = PBXBuildFile; fileRef = 316476482CE72C6500A62112 /* UIView+Gradient.swift */; };
		3164764B2CE7784C00A62112 /* DropdownOptions.swift in Sources */ = {isa = PBXBuildFile; fileRef = 3164764A2CE7784C00A62112 /* DropdownOptions.swift */; };
		3189D2FA2CE5D182006131F1 /* VolumeSliderView.xib in Resources */ = {isa = PBXBuildFile; fileRef = 3189D2F92CE5D182006131F1 /* VolumeSliderView.xib */; };
		3189D2FE2CE5D23D006131F1 /* VolumeSliderCell.xib in Resources */ = {isa = PBXBuildFile; fileRef = 3189D2FD2CE5D23D006131F1 /* VolumeSliderCell.xib */; };
		3189D3022CE5D3D6006131F1 /* VolumeSliderCell.swift in Sources */ = {isa = PBXBuildFile; fileRef = 3189D3012CE5D3D6006131F1 /* VolumeSliderCell.swift */; };
		3189D3042CE5D4F0006131F1 /* VolumeSliderView.swift in Sources */ = {isa = PBXBuildFile; fileRef = 3189D3032CE5D4F0006131F1 /* VolumeSliderView.swift */; };
		31CFC9712CE4771D00F74A10 /* SF-Pro-Text-Heavy.otf in Resources */ = {isa = PBXBuildFile; fileRef = 31CFC9652CE4771D00F74A10 /* SF-Pro-Text-Heavy.otf */; };
		31CFC9722CE4771D00F74A10 /* SF-Pro-Text-MediumItalic.otf in Resources */ = {isa = PBXBuildFile; fileRef = 31CFC9662CE4771D00F74A10 /* SF-Pro-Text-MediumItalic.otf */; };
		31CFC9732CE4771D00F74A10 /* SF-Pro-Text-Light.otf in Resources */ = {isa = PBXBuildFile; fileRef = 31CFC9672CE4771D00F74A10 /* SF-Pro-Text-Light.otf */; };
		31CFC9742CE4771D00F74A10 /* SF-Pro-Text-Regular.otf in Resources */ = {isa = PBXBuildFile; fileRef = 31CFC9682CE4771D00F74A10 /* SF-Pro-Text-Regular.otf */; };
		31CFC9752CE4771D00F74A10 /* SF-Pro-Text-Bold.otf in Resources */ = {isa = PBXBuildFile; fileRef = 31CFC9692CE4771D00F74A10 /* SF-Pro-Text-Bold.otf */; };
		31CFC9762CE4771D00F74A10 /* SF-Pro-Text-BoldItalic.otf in Resources */ = {isa = PBXBuildFile; fileRef = 31CFC96A2CE4771D00F74A10 /* SF-Pro-Text-BoldItalic.otf */; };
		31CFC9772CE4771D00F74A10 /* SF-Pro-Text-RegularItalic.otf in Resources */ = {isa = PBXBuildFile; fileRef = 31CFC96B2CE4771D00F74A10 /* SF-Pro-Text-RegularItalic.otf */; };
		31CFC9782CE4771D00F74A10 /* SF-Pro-Text-Semibold.otf in Resources */ = {isa = PBXBuildFile; fileRef = 31CFC96C2CE4771D00F74A10 /* SF-Pro-Text-Semibold.otf */; };
		31CFC9792CE4771D00F74A10 /* SF-Pro-Text-HeavyItalic.otf in Resources */ = {isa = PBXBuildFile; fileRef = 31CFC96D2CE4771D00F74A10 /* SF-Pro-Text-HeavyItalic.otf */; };
		31CFC97A2CE4771D00F74A10 /* SF-Pro-Text-LightItalic.otf in Resources */ = {isa = PBXBuildFile; fileRef = 31CFC96E2CE4771D00F74A10 /* SF-Pro-Text-LightItalic.otf */; };
		31CFC97B2CE4771D00F74A10 /* SF-Pro-Text-Medium.otf in Resources */ = {isa = PBXBuildFile; fileRef = 31CFC96F2CE4771D00F74A10 /* SF-Pro-Text-Medium.otf */; };
		31CFC97C2CE4771D00F74A10 /* SF-Pro-Text-SemiboldItalic.otf in Resources */ = {isa = PBXBuildFile; fileRef = 31CFC9702CE4771D00F74A10 /* SF-Pro-Text-SemiboldItalic.otf */; };
		31DEBA842CE30CD80067361D /* AppDelegate.swift in Sources */ = {isa = PBXBuildFile; fileRef = 31DEBA832CE30CD80067361D /* AppDelegate.swift */; };
		31DEBA862CE30CD80067361D /* SceneDelegate.swift in Sources */ = {isa = PBXBuildFile; fileRef = 31DEBA852CE30CD80067361D /* SceneDelegate.swift */; };
		31DEBA882CE30CD80067361D /* ViewController.swift in Sources */ = {isa = PBXBuildFile; fileRef = 31DEBA872CE30CD80067361D /* ViewController.swift */; };
		31DEBA8B2CE30CD80067361D /* Main.storyboard in Resources */ = {isa = PBXBuildFile; fileRef = 31DEBA892CE30CD80067361D /* Main.storyboard */; };
		31DEBA8D2CE30CDA0067361D /* Assets.xcassets in Resources */ = {isa = PBXBuildFile; fileRef = 31DEBA8C2CE30CDA0067361D /* Assets.xcassets */; };
		31DEBA902CE30CDA0067361D /* LaunchScreen.storyboard in Resources */ = {isa = PBXBuildFile; fileRef = 31DEBA8E2CE30CDA0067361D /* LaunchScreen.storyboard */; };
		31DEBA992CE317D50067361D /* VideoToMP3Cell.swift in Sources */ = {isa = PBXBuildFile; fileRef = 31DEBA972CE317D50067361D /* VideoToMP3Cell.swift */; };
		31DEBA9A2CE317D50067361D /* VideoToMP3Cell.xib in Resources */ = {isa = PBXBuildFile; fileRef = 31DEBA982CE317D50067361D /* VideoToMP3Cell.xib */; };
		31DEBAAE2CE31C250067361D /* Roboto-Medium.ttf in Resources */ = {isa = PBXBuildFile; fileRef = 31DEBA9C2CE31C250067361D /* Roboto-Medium.ttf */; };
		31DEBAAF2CE31C250067361D /* Roboto-Light.ttf in Resources */ = {isa = PBXBuildFile; fileRef = 31DEBA9D2CE31C250067361D /* Roboto-Light.ttf */; };
		31DEBAB02CE31C250067361D /* Roboto-Regular.ttf in Resources */ = {isa = PBXBuildFile; fileRef = 31DEBA9E2CE31C250067361D /* Roboto-Regular.ttf */; };
		31DEBAB12CE31C250067361D /* Roboto-MediumItalic.ttf in Resources */ = {isa = PBXBuildFile; fileRef = 31DEBA9F2CE31C250067361D /* Roboto-MediumItalic.ttf */; };
		31DEBAB22CE31C250067361D /* Roboto-BoldCondensed.ttf in Resources */ = {isa = PBXBuildFile; fileRef = 31DEBAA02CE31C250067361D /* Roboto-BoldCondensed.ttf */; };
		31DEBAB32CE31C250067361D /* Roboto-BoldCondensedItalic.ttf in Resources */ = {isa = PBXBuildFile; fileRef = 31DEBAA12CE31C250067361D /* Roboto-BoldCondensedItalic.ttf */; };
		31DEBAB42CE31C250067361D /* Roboto-Condensed.ttf in Resources */ = {isa = PBXBuildFile; fileRef = 31DEBAA22CE31C250067361D /* Roboto-Condensed.ttf */; };
		31DEBAB52CE31C250067361D /* Roboto_Specimen_Book.pdf in Resources */ = {isa = PBXBuildFile; fileRef = 31DEBAA32CE31C250067361D /* Roboto_Specimen_Book.pdf */; };
		31DEBAB62CE31C250067361D /* NOTICE.txt in Resources */ = {isa = PBXBuildFile; fileRef = 31DEBAA42CE31C250067361D /* NOTICE.txt */; };
		31DEBAB72CE31C250067361D /* Roboto-ThinItalic.ttf in Resources */ = {isa = PBXBuildFile; fileRef = 31DEBAA52CE31C250067361D /* Roboto-ThinItalic.ttf */; };
		31DEBAB82CE31C250067361D /* Roboto-BoldItalic.ttf in Resources */ = {isa = PBXBuildFile; fileRef = 31DEBAA62CE31C250067361D /* Roboto-BoldItalic.ttf */; };
		31DEBAB92CE31C250067361D /* Roboto-LightItalic.ttf in Resources */ = {isa = PBXBuildFile; fileRef = 31DEBAA72CE31C250067361D /* Roboto-LightItalic.ttf */; };
		31DEBABA2CE31C250067361D /* Roboto-CondensedItalic.ttf in Resources */ = {isa = PBXBuildFile; fileRef = 31DEBAA82CE31C250067361D /* Roboto-CondensedItalic.ttf */; };
		31DEBABB2CE31C250067361D /* Roboto-Italic.ttf in Resources */ = {isa = PBXBuildFile; fileRef = 31DEBAA92CE31C250067361D /* Roboto-Italic.ttf */; };
		31DEBABC2CE31C250067361D /* Roboto-BlackItalic.ttf in Resources */ = {isa = PBXBuildFile; fileRef = 31DEBAAA2CE31C250067361D /* Roboto-BlackItalic.ttf */; };
		31DEBABD2CE31C250067361D /* Roboto-Bold.ttf in Resources */ = {isa = PBXBuildFile; fileRef = 31DEBAAB2CE31C250067361D /* Roboto-Bold.ttf */; };
		31DEBABE2CE31C250067361D /* Roboto-Thin.ttf in Resources */ = {isa = PBXBuildFile; fileRef = 31DEBAAC2CE31C250067361D /* Roboto-Thin.ttf */; };
		31DEBABF2CE31C250067361D /* Roboto-Black.ttf in Resources */ = {isa = PBXBuildFile; fileRef = 31DEBAAD2CE31C250067361D /* Roboto-Black.ttf */; };
		31DEBAC72CE334E30067361D /* MP3ScreenController.swift in Sources */ = {isa = PBXBuildFile; fileRef = 31DEBAC62CE334E30067361D /* MP3ScreenController.swift */; };
		5BE404B7367C0D6761B58CFB /* Pods_VideoToMP3.framework in Frameworks */ = {isa = PBXBuildFile; fileRef = CE8E452C81A91F7EB360C6DC /* Pods_VideoToMP3.framework */; };
/* End PBXBuildFile section */

/* Begin PBXFileReference section */
		316476462CE72C2C00A62112 /* Colors.swift */ = {isa = PBXFileReference; lastKnownFileType = sourcecode.swift; path = Colors.swift; sourceTree = "<group>"; };
		316476482CE72C6500A62112 /* UIView+Gradient.swift */ = {isa = PBXFileReference; lastKnownFileType = sourcecode.swift; path = "UIView+Gradient.swift"; sourceTree = "<group>"; };
		3164764A2CE7784C00A62112 /* DropdownOptions.swift */ = {isa = PBXFileReference; lastKnownFileType = sourcecode.swift; path = DropdownOptions.swift; sourceTree = "<group>"; };
		3189D2F92CE5D182006131F1 /* VolumeSliderView.xib */ = {isa = PBXFileReference; lastKnownFileType = file.xib; path = VolumeSliderView.xib; sourceTree = "<group>"; };
		3189D2FD2CE5D23D006131F1 /* VolumeSliderCell.xib */ = {isa = PBXFileReference; lastKnownFileType = file.xib; path = VolumeSliderCell.xib; sourceTree = "<group>"; };
		3189D3012CE5D3D6006131F1 /* VolumeSliderCell.swift */ = {isa = PBXFileReference; lastKnownFileType = sourcecode.swift; path = VolumeSliderCell.swift; sourceTree = "<group>"; };
		3189D3032CE5D4F0006131F1 /* VolumeSliderView.swift */ = {isa = PBXFileReference; lastKnownFileType = sourcecode.swift; path = VolumeSliderView.swift; sourceTree = "<group>"; };
		31CFC9652CE4771D00F74A10 /* SF-Pro-Text-Heavy.otf */ = {isa = PBXFileReference; lastKnownFileType = file; path = "SF-Pro-Text-Heavy.otf"; sourceTree = "<group>"; };
		31CFC9662CE4771D00F74A10 /* SF-Pro-Text-MediumItalic.otf */ = {isa = PBXFileReference; lastKnownFileType = file; path = "SF-Pro-Text-MediumItalic.otf"; sourceTree = "<group>"; };
		31CFC9672CE4771D00F74A10 /* SF-Pro-Text-Light.otf */ = {isa = PBXFileReference; lastKnownFileType = file; path = "SF-Pro-Text-Light.otf"; sourceTree = "<group>"; };
		31CFC9682CE4771D00F74A10 /* SF-Pro-Text-Regular.otf */ = {isa = PBXFileReference; lastKnownFileType = file; path = "SF-Pro-Text-Regular.otf"; sourceTree = "<group>"; };
		31CFC9692CE4771D00F74A10 /* SF-Pro-Text-Bold.otf */ = {isa = PBXFileReference; lastKnownFileType = file; path = "SF-Pro-Text-Bold.otf"; sourceTree = "<group>"; };
		31CFC96A2CE4771D00F74A10 /* SF-Pro-Text-BoldItalic.otf */ = {isa = PBXFileReference; lastKnownFileType = file; path = "SF-Pro-Text-BoldItalic.otf"; sourceTree = "<group>"; };
		31CFC96B2CE4771D00F74A10 /* SF-Pro-Text-RegularItalic.otf */ = {isa = PBXFileReference; lastKnownFileType = file; path = "SF-Pro-Text-RegularItalic.otf"; sourceTree = "<group>"; };
		31CFC96C2CE4771D00F74A10 /* SF-Pro-Text-Semibold.otf */ = {isa = PBXFileReference; lastKnownFileType = file; path = "SF-Pro-Text-Semibold.otf"; sourceTree = "<group>"; };
		31CFC96D2CE4771D00F74A10 /* SF-Pro-Text-HeavyItalic.otf */ = {isa = PBXFileReference; lastKnownFileType = file; path = "SF-Pro-Text-HeavyItalic.otf"; sourceTree = "<group>"; };
		31CFC96E2CE4771D00F74A10 /* SF-Pro-Text-LightItalic.otf */ = {isa = PBXFileReference; lastKnownFileType = file; path = "SF-Pro-Text-LightItalic.otf"; sourceTree = "<group>"; };
		31CFC96F2CE4771D00F74A10 /* SF-Pro-Text-Medium.otf */ = {isa = PBXFileReference; lastKnownFileType = file; path = "SF-Pro-Text-Medium.otf"; sourceTree = "<group>"; };
		31CFC9702CE4771D00F74A10 /* SF-Pro-Text-SemiboldItalic.otf */ = {isa = PBXFileReference; lastKnownFileType = file; path = "SF-Pro-Text-SemiboldItalic.otf"; sourceTree = "<group>"; };
		31D85320704BA0C66F01078D /* Pods-VideoToMP3.release.xcconfig */ = {isa = PBXFileReference; includeInIndex = 1; lastKnownFileType = text.xcconfig; name = "Pods-VideoToMP3.release.xcconfig"; path = "Target Support Files/Pods-VideoToMP3/Pods-VideoToMP3.release.xcconfig"; sourceTree = "<group>"; };
		31DEBA802CE30CD80067361D /* VideoToMP3.app */ = {isa = PBXFileReference; explicitFileType = wrapper.application; includeInIndex = 0; path = VideoToMP3.app; sourceTree = BUILT_PRODUCTS_DIR; };
		31DEBA832CE30CD80067361D /* AppDelegate.swift */ = {isa = PBXFileReference; lastKnownFileType = sourcecode.swift; path = AppDelegate.swift; sourceTree = "<group>"; };
		31DEBA852CE30CD80067361D /* SceneDelegate.swift */ = {isa = PBXFileReference; lastKnownFileType = sourcecode.swift; path = SceneDelegate.swift; sourceTree = "<group>"; };
		31DEBA872CE30CD80067361D /* ViewController.swift */ = {isa = PBXFileReference; lastKnownFileType = sourcecode.swift; path = ViewController.swift; sourceTree = "<group>"; };
		31DEBA8A2CE30CD80067361D /* Base */ = {isa = PBXFileReference; lastKnownFileType = file.storyboard; name = Base; path = Base.lproj/Main.storyboard; sourceTree = "<group>"; };
		31DEBA8C2CE30CDA0067361D /* Assets.xcassets */ = {isa = PBXFileReference; lastKnownFileType = folder.assetcatalog; path = Assets.xcassets; sourceTree = "<group>"; };
		31DEBA8F2CE30CDA0067361D /* Base */ = {isa = PBXFileReference; lastKnownFileType = file.storyboard; name = Base; path = Base.lproj/LaunchScreen.storyboard; sourceTree = "<group>"; };
		31DEBA912CE30CDA0067361D /* Info.plist */ = {isa = PBXFileReference; lastKnownFileType = text.plist.xml; path = Info.plist; sourceTree = "<group>"; };
		31DEBA972CE317D50067361D /* VideoToMP3Cell.swift */ = {isa = PBXFileReference; lastKnownFileType = sourcecode.swift; path = VideoToMP3Cell.swift; sourceTree = "<group>"; };
		31DEBA982CE317D50067361D /* VideoToMP3Cell.xib */ = {isa = PBXFileReference; lastKnownFileType = file.xib; path = VideoToMP3Cell.xib; sourceTree = "<group>"; };
		31DEBA9C2CE31C250067361D /* Roboto-Medium.ttf */ = {isa = PBXFileReference; lastKnownFileType = file; path = "Roboto-Medium.ttf"; sourceTree = "<group>"; };
		31DEBA9D2CE31C250067361D /* Roboto-Light.ttf */ = {isa = PBXFileReference; lastKnownFileType = file; path = "Roboto-Light.ttf"; sourceTree = "<group>"; };
		31DEBA9E2CE31C250067361D /* Roboto-Regular.ttf */ = {isa = PBXFileReference; lastKnownFileType = file; path = "Roboto-Regular.ttf"; sourceTree = "<group>"; };
		31DEBA9F2CE31C250067361D /* Roboto-MediumItalic.ttf */ = {isa = PBXFileReference; lastKnownFileType = file; path = "Roboto-MediumItalic.ttf"; sourceTree = "<group>"; };
		31DEBAA02CE31C250067361D /* Roboto-BoldCondensed.ttf */ = {isa = PBXFileReference; lastKnownFileType = file; path = "Roboto-BoldCondensed.ttf"; sourceTree = "<group>"; };
		31DEBAA12CE31C250067361D /* Roboto-BoldCondensedItalic.ttf */ = {isa = PBXFileReference; lastKnownFileType = file; path = "Roboto-BoldCondensedItalic.ttf"; sourceTree = "<group>"; };
		31DEBAA22CE31C250067361D /* Roboto-Condensed.ttf */ = {isa = PBXFileReference; lastKnownFileType = file; path = "Roboto-Condensed.ttf"; sourceTree = "<group>"; };
		31DEBAA32CE31C250067361D /* Roboto_Specimen_Book.pdf */ = {isa = PBXFileReference; lastKnownFileType = image.pdf; path = Roboto_Specimen_Book.pdf; sourceTree = "<group>"; };
		31DEBAA42CE31C250067361D /* NOTICE.txt */ = {isa = PBXFileReference; fileEncoding = 4; lastKnownFileType = text; path = NOTICE.txt; sourceTree = "<group>"; };
		31DEBAA52CE31C250067361D /* Roboto-ThinItalic.ttf */ = {isa = PBXFileReference; lastKnownFileType = file; path = "Roboto-ThinItalic.ttf"; sourceTree = "<group>"; };
		31DEBAA62CE31C250067361D /* Roboto-BoldItalic.ttf */ = {isa = PBXFileReference; lastKnownFileType = file; path = "Roboto-BoldItalic.ttf"; sourceTree = "<group>"; };
		31DEBAA72CE31C250067361D /* Roboto-LightItalic.ttf */ = {isa = PBXFileReference; lastKnownFileType = file; path = "Roboto-LightItalic.ttf"; sourceTree = "<group>"; };
		31DEBAA82CE31C250067361D /* Roboto-CondensedItalic.ttf */ = {isa = PBXFileReference; lastKnownFileType = file; path = "Roboto-CondensedItalic.ttf"; sourceTree = "<group>"; };
		31DEBAA92CE31C250067361D /* Roboto-Italic.ttf */ = {isa = PBXFileReference; lastKnownFileType = file; path = "Roboto-Italic.ttf"; sourceTree = "<group>"; };
		31DEBAAA2CE31C250067361D /* Roboto-BlackItalic.ttf */ = {isa = PBXFileReference; lastKnownFileType = file; path = "Roboto-BlackItalic.ttf"; sourceTree = "<group>"; };
		31DEBAAB2CE31C250067361D /* Roboto-Bold.ttf */ = {isa = PBXFileReference; lastKnownFileType = file; path = "Roboto-Bold.ttf"; sourceTree = "<group>"; };
		31DEBAAC2CE31C250067361D /* Roboto-Thin.ttf */ = {isa = PBXFileReference; lastKnownFileType = file; path = "Roboto-Thin.ttf"; sourceTree = "<group>"; };
		31DEBAAD2CE31C250067361D /* Roboto-Black.ttf */ = {isa = PBXFileReference; lastKnownFileType = file; path = "Roboto-Black.ttf"; sourceTree = "<group>"; };
		31DEBAC62CE334E30067361D /* MP3ScreenController.swift */ = {isa = PBXFileReference; lastKnownFileType = sourcecode.swift; path = MP3ScreenController.swift; sourceTree = "<group>"; };
		CE8E452C81A91F7EB360C6DC /* Pods_VideoToMP3.framework */ = {isa = PBXFileReference; explicitFileType = wrapper.framework; includeInIndex = 0; path = Pods_VideoToMP3.framework; sourceTree = BUILT_PRODUCTS_DIR; };
		FA6372A6A895789AD722E24E /* Pods-VideoToMP3.debug.xcconfig */ = {isa = PBXFileReference; includeInIndex = 1; lastKnownFileType = text.xcconfig; name = "Pods-VideoToMP3.debug.xcconfig"; path = "Target Support Files/Pods-VideoToMP3/Pods-VideoToMP3.debug.xcconfig"; sourceTree = "<group>"; };
/* End PBXFileReference section */

/* Begin PBXFrameworksBuildPhase section */
		31DEBA7D2CE30CD80067361D /* Frameworks */ = {
			isa = PBXFrameworksBuildPhase;
			buildActionMask = 2147483647;
			files = (
				5BE404B7367C0D6761B58CFB /* Pods_VideoToMP3.framework in Frameworks */,
			);
			runOnlyForDeploymentPostprocessing = 0;
		};
/* End PBXFrameworksBuildPhase section */

/* Begin PBXGroup section */
		04E078A34890030BA52C1DB4 /* Pods */ = {
			isa = PBXGroup;
			children = (
				FA6372A6A895789AD722E24E /* Pods-VideoToMP3.debug.xcconfig */,
				31D85320704BA0C66F01078D /* Pods-VideoToMP3.release.xcconfig */,
			);
			path = Pods;
			sourceTree = "<group>";
		};
		316476452CE72B9700A62112 /* Extension */ = {
			isa = PBXGroup;
			children = (
				316476462CE72C2C00A62112 /* Colors.swift */,
				316476482CE72C6500A62112 /* UIView+Gradient.swift */,
			);
			path = Extension;
			sourceTree = "<group>";
		};
		31CFC9642CE4771D00F74A10 /* SF-Pro-Text-Font-Family */ = {
			isa = PBXGroup;
			children = (
				31CFC9652CE4771D00F74A10 /* SF-Pro-Text-Heavy.otf */,
				31CFC9662CE4771D00F74A10 /* SF-Pro-Text-MediumItalic.otf */,
				31CFC9672CE4771D00F74A10 /* SF-Pro-Text-Light.otf */,
				31CFC9682CE4771D00F74A10 /* SF-Pro-Text-Regular.otf */,
				31CFC9692CE4771D00F74A10 /* SF-Pro-Text-Bold.otf */,
				31CFC96A2CE4771D00F74A10 /* SF-Pro-Text-BoldItalic.otf */,
				31CFC96B2CE4771D00F74A10 /* SF-Pro-Text-RegularItalic.otf */,
				31CFC96C2CE4771D00F74A10 /* SF-Pro-Text-Semibold.otf */,
				31CFC96D2CE4771D00F74A10 /* SF-Pro-Text-HeavyItalic.otf */,
				31CFC96E2CE4771D00F74A10 /* SF-Pro-Text-LightItalic.otf */,
				31CFC96F2CE4771D00F74A10 /* SF-Pro-Text-Medium.otf */,
				31CFC9702CE4771D00F74A10 /* SF-Pro-Text-SemiboldItalic.otf */,
			);
			path = "SF-Pro-Text-Font-Family";
			sourceTree = "<group>";
		};
		31DEBA772CE30CD80067361D = {
			isa = PBXGroup;
			children = (
				31DEBA822CE30CD80067361D /* VideoToMP3 */,
				31DEBA812CE30CD80067361D /* Products */,
				04E078A34890030BA52C1DB4 /* Pods */,
				38629666A17C6534C0932DAA /* Frameworks */,
			);
			sourceTree = "<group>";
		};
		31DEBA812CE30CD80067361D /* Products */ = {
			isa = PBXGroup;
			children = (
				31DEBA802CE30CD80067361D /* VideoToMP3.app */,
			);
			name = Products;
			sourceTree = "<group>";
		};
		31DEBA822CE30CD80067361D /* VideoToMP3 */ = {
			isa = PBXGroup;
			children = (
				316476452CE72B9700A62112 /* Extension */,
				31DEBAC52CE332750067361D /* Fonts */,
				31DEBAC32CE332460067361D /* Models */,
				31DEBAC22CE332310067361D /* Controllers */,
				31DEBAC12CE332290067361D /* Views */,
				31DEBA832CE30CD80067361D /* AppDelegate.swift */,
				31DEBA852CE30CD80067361D /* SceneDelegate.swift */,
				31DEBA892CE30CD80067361D /* Main.storyboard */,
				31DEBA8C2CE30CDA0067361D /* Assets.xcassets */,
				31DEBA8E2CE30CDA0067361D /* LaunchScreen.storyboard */,
				31DEBA912CE30CDA0067361D /* Info.plist */,
				3189D2F92CE5D182006131F1 /* VolumeSliderView.xib */,
				3189D3032CE5D4F0006131F1 /* VolumeSliderView.swift */,
				3189D2FD2CE5D23D006131F1 /* VolumeSliderCell.xib */,
				3189D3012CE5D3D6006131F1 /* VolumeSliderCell.swift */,
			);
			path = VideoToMP3;
			sourceTree = "<group>";
		};
		31DEBA9B2CE31C250067361D /* roboto */ = {
			isa = PBXGroup;
			children = (
				31DEBA9C2CE31C250067361D /* Roboto-Medium.ttf */,
				31DEBA9D2CE31C250067361D /* Roboto-Light.ttf */,
				31DEBA9E2CE31C250067361D /* Roboto-Regular.ttf */,
				31DEBA9F2CE31C250067361D /* Roboto-MediumItalic.ttf */,
				31DEBAA02CE31C250067361D /* Roboto-BoldCondensed.ttf */,
				31DEBAA12CE31C250067361D /* Roboto-BoldCondensedItalic.ttf */,
				31DEBAA22CE31C250067361D /* Roboto-Condensed.ttf */,
				31DEBAA32CE31C250067361D /* Roboto_Specimen_Book.pdf */,
				31DEBAA42CE31C250067361D /* NOTICE.txt */,
				31DEBAA52CE31C250067361D /* Roboto-ThinItalic.ttf */,
				31DEBAA62CE31C250067361D /* Roboto-BoldItalic.ttf */,
				31DEBAA72CE31C250067361D /* Roboto-LightItalic.ttf */,
				31DEBAA82CE31C250067361D /* Roboto-CondensedItalic.ttf */,
				31DEBAA92CE31C250067361D /* Roboto-Italic.ttf */,
				31DEBAAA2CE31C250067361D /* Roboto-BlackItalic.ttf */,
				31DEBAAB2CE31C250067361D /* Roboto-Bold.ttf */,
				31DEBAAC2CE31C250067361D /* Roboto-Thin.ttf */,
				31DEBAAD2CE31C250067361D /* Roboto-Black.ttf */,
			);
			path = roboto;
			sourceTree = "<group>";
		};
		31DEBAC12CE332290067361D /* Views */ = {
			isa = PBXGroup;
			children = (
				31DEBAC42CE332630067361D /* Cells */,
			);
			path = Views;
			sourceTree = "<group>";
		};
		31DEBAC22CE332310067361D /* Controllers */ = {
			isa = PBXGroup;
			children = (
				31DEBA872CE30CD80067361D /* ViewController.swift */,
				31DEBAC62CE334E30067361D /* MP3ScreenController.swift */,
			);
			path = Controllers;
			sourceTree = "<group>";
		};
		31DEBAC32CE332460067361D /* Models */ = {
			isa = PBXGroup;
			children = (
				3164764A2CE7784C00A62112 /* DropdownOptions.swift */,
			);
			path = Models;
			sourceTree = "<group>";
		};
		31DEBAC42CE332630067361D /* Cells */ = {
			isa = PBXGroup;
			children = (
				31DEBA982CE317D50067361D /* VideoToMP3Cell.xib */,
				31DEBA972CE317D50067361D /* VideoToMP3Cell.swift */,
			);
			path = Cells;
			sourceTree = "<group>";
		};
		31DEBAC52CE332750067361D /* Fonts */ = {
			isa = PBXGroup;
			children = (
				31CFC9642CE4771D00F74A10 /* SF-Pro-Text-Font-Family */,
				31DEBA9B2CE31C250067361D /* roboto */,
			);
			path = Fonts;
			sourceTree = "<group>";
		};
		38629666A17C6534C0932DAA /* Frameworks */ = {
			isa = PBXGroup;
			children = (
				CE8E452C81A91F7EB360C6DC /* Pods_VideoToMP3.framework */,
			);
			name = Frameworks;
			sourceTree = "<group>";
		};
/* End PBXGroup section */

/* Begin PBXNativeTarget section */
		31DEBA7F2CE30CD80067361D /* VideoToMP3 */ = {
			isa = PBXNativeTarget;
			buildConfigurationList = 31DEBA942CE30CDA0067361D /* Build configuration list for PBXNativeTarget "VideoToMP3" */;
			buildPhases = (
				44BB3603ECD4F05786C6EF4E /* [CP] Check Pods Manifest.lock */,
				31DEBA7C2CE30CD80067361D /* Sources */,
				31DEBA7D2CE30CD80067361D /* Frameworks */,
				31DEBA7E2CE30CD80067361D /* Resources */,
				395B22CA333F9A0B25EDF3F2 /* [CP] Embed Pods Frameworks */,
			);
			buildRules = (
			);
			dependencies = (
			);
			name = VideoToMP3;
			productName = VideoToMP3;
			productReference = 31DEBA802CE30CD80067361D /* VideoToMP3.app */;
			productType = "com.apple.product-type.application";
		};
/* End PBXNativeTarget section */

/* Begin PBXProject section */
		31DEBA782CE30CD80067361D /* Project object */ = {
			isa = PBXProject;
			attributes = {
				BuildIndependentTargetsInParallel = 1;
				LastSwiftUpdateCheck = 1520;
				LastUpgradeCheck = 1520;
				TargetAttributes = {
					31DEBA7F2CE30CD80067361D = {
						CreatedOnToolsVersion = 15.2;
					};
				};
			};
			buildConfigurationList = 31DEBA7B2CE30CD80067361D /* Build configuration list for PBXProject "VideoToMP3" */;
			compatibilityVersion = "Xcode 14.0";
			developmentRegion = en;
			hasScannedForEncodings = 0;
			knownRegions = (
				en,
				Base,
			);
			mainGroup = 31DEBA772CE30CD80067361D;
			productRefGroup = 31DEBA812CE30CD80067361D /* Products */;
			projectDirPath = "";
			projectRoot = "";
			targets = (
				31DEBA7F2CE30CD80067361D /* VideoToMP3 */,
			);
		};
/* End PBXProject section */

/* Begin PBXResourcesBuildPhase section */
		31DEBA7E2CE30CD80067361D /* Resources */ = {
			isa = PBXResourcesBuildPhase;
			buildActionMask = 2147483647;
			files = (
				31CFC9722CE4771D00F74A10 /* SF-Pro-Text-MediumItalic.otf in Resources */,
				31CFC9772CE4771D00F74A10 /* SF-Pro-Text-RegularItalic.otf in Resources */,
				3189D2FA2CE5D182006131F1 /* VolumeSliderView.xib in Resources */,
				31DEBAB62CE31C250067361D /* NOTICE.txt in Resources */,
				31DEBABB2CE31C250067361D /* Roboto-Italic.ttf in Resources */,
				31CFC9792CE4771D00F74A10 /* SF-Pro-Text-HeavyItalic.otf in Resources */,
				31CFC97B2CE4771D00F74A10 /* SF-Pro-Text-Medium.otf in Resources */,
				31DEBABD2CE31C250067361D /* Roboto-Bold.ttf in Resources */,
				3189D2FE2CE5D23D006131F1 /* VolumeSliderCell.xib in Resources */,
				31DEBAAE2CE31C250067361D /* Roboto-Medium.ttf in Resources */,
				31DEBABA2CE31C250067361D /* Roboto-CondensedItalic.ttf in Resources */,
				31DEBABF2CE31C250067361D /* Roboto-Black.ttf in Resources */,
				31CFC97C2CE4771D00F74A10 /* SF-Pro-Text-SemiboldItalic.otf in Resources */,
				31DEBAB92CE31C250067361D /* Roboto-LightItalic.ttf in Resources */,
				31DEBAB02CE31C250067361D /* Roboto-Regular.ttf in Resources */,
				31DEBAB82CE31C250067361D /* Roboto-BoldItalic.ttf in Resources */,
				31DEBA902CE30CDA0067361D /* LaunchScreen.storyboard in Resources */,
				31CFC9782CE4771D00F74A10 /* SF-Pro-Text-Semibold.otf in Resources */,
				31DEBABC2CE31C250067361D /* Roboto-BlackItalic.ttf in Resources */,
				31DEBAAF2CE31C250067361D /* Roboto-Light.ttf in Resources */,
				31DEBAB12CE31C250067361D /* Roboto-MediumItalic.ttf in Resources */,
				31CFC9732CE4771D00F74A10 /* SF-Pro-Text-Light.otf in Resources */,
				31DEBA9A2CE317D50067361D /* VideoToMP3Cell.xib in Resources */,
				31DEBA8D2CE30CDA0067361D /* Assets.xcassets in Resources */,
				31CFC9752CE4771D00F74A10 /* SF-Pro-Text-Bold.otf in Resources */,
				31DEBABE2CE31C250067361D /* Roboto-Thin.ttf in Resources */,
				31CFC97A2CE4771D00F74A10 /* SF-Pro-Text-LightItalic.otf in Resources */,
				31DEBAB22CE31C250067361D /* Roboto-BoldCondensed.ttf in Resources */,
				31DEBAB32CE31C250067361D /* Roboto-BoldCondensedItalic.ttf in Resources */,
				31CFC9712CE4771D00F74A10 /* SF-Pro-Text-Heavy.otf in Resources */,
				31CFC9762CE4771D00F74A10 /* SF-Pro-Text-BoldItalic.otf in Resources */,
				31DEBAB72CE31C250067361D /* Roboto-ThinItalic.ttf in Resources */,
				31CFC9742CE4771D00F74A10 /* SF-Pro-Text-Regular.otf in Resources */,
				31DEBAB42CE31C250067361D /* Roboto-Condensed.ttf in Resources */,
				31DEBAB52CE31C250067361D /* Roboto_Specimen_Book.pdf in Resources */,
				31DEBA8B2CE30CD80067361D /* Main.storyboard in Resources */,
			);
			runOnlyForDeploymentPostprocessing = 0;
		};
/* End PBXResourcesBuildPhase section */

/* Begin PBXShellScriptBuildPhase section */
		395B22CA333F9A0B25EDF3F2 /* [CP] Embed Pods Frameworks */ = {
			isa = PBXShellScriptBuildPhase;
			buildActionMask = 2147483647;
			files = (
			);
			inputFileListPaths = (
				"${PODS_ROOT}/Target Support Files/Pods-VideoToMP3/Pods-VideoToMP3-frameworks-${CONFIGURATION}-input-files.xcfilelist",
			);
			name = "[CP] Embed Pods Frameworks";
			outputFileListPaths = (
				"${PODS_ROOT}/Target Support Files/Pods-VideoToMP3/Pods-VideoToMP3-frameworks-${CONFIGURATION}-output-files.xcfilelist",
			);
			runOnlyForDeploymentPostprocessing = 0;
			shellPath = /bin/sh;
			shellScript = "\"${PODS_ROOT}/Target Support Files/Pods-VideoToMP3/Pods-VideoToMP3-frameworks.sh\"\n";
			showEnvVarsInLog = 0;
		};
		44BB3603ECD4F05786C6EF4E /* [CP] Check Pods Manifest.lock */ = {
			isa = PBXShellScriptBuildPhase;
			buildActionMask = 2147483647;
			files = (
			);
			inputFileListPaths = (
			);
			inputPaths = (
				"${PODS_PODFILE_DIR_PATH}/Podfile.lock",
				"${PODS_ROOT}/Manifest.lock",
			);
			name = "[CP] Check Pods Manifest.lock";
			outputFileListPaths = (
			);
			outputPaths = (
				"$(DERIVED_FILE_DIR)/Pods-VideoToMP3-checkManifestLockResult.txt",
			);
			runOnlyForDeploymentPostprocessing = 0;
			shellPath = /bin/sh;
			shellScript = "diff \"${PODS_PODFILE_DIR_PATH}/Podfile.lock\" \"${PODS_ROOT}/Manifest.lock\" > /dev/null\nif [ $? != 0 ] ; then\n    # print error to STDERR\n    echo \"error: The sandbox is not in sync with the Podfile.lock. Run 'pod install' or update your CocoaPods installation.\" >&2\n    exit 1\nfi\n# This output is used by Xcode 'outputs' to avoid re-running this script phase.\necho \"SUCCESS\" > \"${SCRIPT_OUTPUT_FILE_0}\"\n";
			showEnvVarsInLog = 0;
		};
/* End PBXShellScriptBuildPhase section */

/* Begin PBXSourcesBuildPhase section */
		31DEBA7C2CE30CD80067361D /* Sources */ = {
			isa = PBXSourcesBuildPhase;
			buildActionMask = 2147483647;
			files = (
				31DEBA882CE30CD80067361D /* ViewController.swift in Sources */,
				316476492CE72C6500A62112 /* UIView+Gradient.swift in Sources */,
				316476472CE72C2C00A62112 /* Colors.swift in Sources */,
				31DEBAC72CE334E30067361D /* MP3ScreenController.swift in Sources */,
				3189D3022CE5D3D6006131F1 /* VolumeSliderCell.swift in Sources */,
				31DEBA992CE317D50067361D /* VideoToMP3Cell.swift in Sources */,
				31DEBA842CE30CD80067361D /* AppDelegate.swift in Sources */,
				3164764B2CE7784C00A62112 /* DropdownOptions.swift in Sources */,
				31DEBA862CE30CD80067361D /* SceneDelegate.swift in Sources */,
				3189D3042CE5D4F0006131F1 /* VolumeSliderView.swift in Sources */,
			);
			runOnlyForDeploymentPostprocessing = 0;
		};
/* End PBXSourcesBuildPhase section */

/* Begin PBXVariantGroup section */
		31DEBA892CE30CD80067361D /* Main.storyboard */ = {
			isa = PBXVariantGroup;
			children = (
				31DEBA8A2CE30CD80067361D /* Base */,
			);
			name = Main.storyboard;
			sourceTree = "<group>";
		};
		31DEBA8E2CE30CDA0067361D /* LaunchScreen.storyboard */ = {
			isa = PBXVariantGroup;
			children = (
				31DEBA8F2CE30CDA0067361D /* Base */,
			);
			name = LaunchScreen.storyboard;
			sourceTree = "<group>";
		};
/* End PBXVariantGroup section */

/* Begin XCBuildConfiguration section */
		31DEBA922CE30CDA0067361D /* Debug */ = {
			isa = XCBuildConfiguration;
			buildSettings = {
				ALWAYS_SEARCH_USER_PATHS = NO;
				ASSETCATALOG_COMPILER_GENERATE_SWIFT_ASSET_SYMBOL_EXTENSIONS = YES;
				CLANG_ANALYZER_NONNULL = YES;
				CLANG_ANALYZER_NUMBER_OBJECT_CONVERSION = YES_AGGRESSIVE;
				CLANG_CXX_LANGUAGE_STANDARD = "gnu++20";
				CLANG_ENABLE_MODULES = YES;
				CLANG_ENABLE_OBJC_ARC = YES;
				CLANG_ENABLE_OBJC_WEAK = YES;
				CLANG_WARN_BLOCK_CAPTURE_AUTORELEASING = YES;
				CLANG_WARN_BOOL_CONVERSION = YES;
				CLANG_WARN_COMMA = YES;
				CLANG_WARN_CONSTANT_CONVERSION = YES;
				CLANG_WARN_DEPRECATED_OBJC_IMPLEMENTATIONS = YES;
				CLANG_WARN_DIRECT_OBJC_ISA_USAGE = YES_ERROR;
				CLANG_WARN_DOCUMENTATION_COMMENTS = YES;
				CLANG_WARN_EMPTY_BODY = YES;
				CLANG_WARN_ENUM_CONVERSION = YES;
				CLANG_WARN_INFINITE_RECURSION = YES;
				CLANG_WARN_INT_CONVERSION = YES;
				CLANG_WARN_NON_LITERAL_NULL_CONVERSION = YES;
				CLANG_WARN_OBJC_IMPLICIT_RETAIN_SELF = YES;
				CLANG_WARN_OBJC_LITERAL_CONVERSION = YES;
				CLANG_WARN_OBJC_ROOT_CLASS = YES_ERROR;
				CLANG_WARN_QUOTED_INCLUDE_IN_FRAMEWORK_HEADER = YES;
				CLANG_WARN_RANGE_LOOP_ANALYSIS = YES;
				CLANG_WARN_STRICT_PROTOTYPES = YES;
				CLANG_WARN_SUSPICIOUS_MOVE = YES;
				CLANG_WARN_UNGUARDED_AVAILABILITY = YES_AGGRESSIVE;
				CLANG_WARN_UNREACHABLE_CODE = YES;
				CLANG_WARN__DUPLICATE_METHOD_MATCH = YES;
				COPY_PHASE_STRIP = NO;
				DEBUG_INFORMATION_FORMAT = dwarf;
				ENABLE_STRICT_OBJC_MSGSEND = YES;
				ENABLE_TESTABILITY = YES;
				ENABLE_USER_SCRIPT_SANDBOXING = YES;
				GCC_C_LANGUAGE_STANDARD = gnu17;
				GCC_DYNAMIC_NO_PIC = NO;
				GCC_NO_COMMON_BLOCKS = YES;
				GCC_OPTIMIZATION_LEVEL = 0;
				GCC_PREPROCESSOR_DEFINITIONS = (
					"DEBUG=1",
					"$(inherited)",
				);
				GCC_WARN_64_TO_32_BIT_CONVERSION = YES;
				GCC_WARN_ABOUT_RETURN_TYPE = YES_ERROR;
				GCC_WARN_UNDECLARED_SELECTOR = YES;
				GCC_WARN_UNINITIALIZED_AUTOS = YES_AGGRESSIVE;
				GCC_WARN_UNUSED_FUNCTION = YES;
				GCC_WARN_UNUSED_VARIABLE = YES;
				IPHONEOS_DEPLOYMENT_TARGET = 17.2;
				LOCALIZATION_PREFERS_STRING_CATALOGS = YES;
				MTL_ENABLE_DEBUG_INFO = INCLUDE_SOURCE;
				MTL_FAST_MATH = YES;
				ONLY_ACTIVE_ARCH = YES;
				SDKROOT = iphoneos;
				SWIFT_ACTIVE_COMPILATION_CONDITIONS = "DEBUG $(inherited)";
				SWIFT_OPTIMIZATION_LEVEL = "-Onone";
			};
			name = Debug;
		};
		31DEBA932CE30CDA0067361D /* Release */ = {
			isa = XCBuildConfiguration;
			buildSettings = {
				ALWAYS_SEARCH_USER_PATHS = NO;
				ASSETCATALOG_COMPILER_GENERATE_SWIFT_ASSET_SYMBOL_EXTENSIONS = YES;
				CLANG_ANALYZER_NONNULL = YES;
				CLANG_ANALYZER_NUMBER_OBJECT_CONVERSION = YES_AGGRESSIVE;
				CLANG_CXX_LANGUAGE_STANDARD = "gnu++20";
				CLANG_ENABLE_MODULES = YES;
				CLANG_ENABLE_OBJC_ARC = YES;
				CLANG_ENABLE_OBJC_WEAK = YES;
				CLANG_WARN_BLOCK_CAPTURE_AUTORELEASING = YES;
				CLANG_WARN_BOOL_CONVERSION = YES;
				CLANG_WARN_COMMA = YES;
				CLANG_WARN_CONSTANT_CONVERSION = YES;
				CLANG_WARN_DEPRECATED_OBJC_IMPLEMENTATIONS = YES;
				CLANG_WARN_DIRECT_OBJC_ISA_USAGE = YES_ERROR;
				CLANG_WARN_DOCUMENTATION_COMMENTS = YES;
				CLANG_WARN_EMPTY_BODY = YES;
				CLANG_WARN_ENUM_CONVERSION = YES;
				CLANG_WARN_INFINITE_RECURSION = YES;
				CLANG_WARN_INT_CONVERSION = YES;
				CLANG_WARN_NON_LITERAL_NULL_CONVERSION = YES;
				CLANG_WARN_OBJC_IMPLICIT_RETAIN_SELF = YES;
				CLANG_WARN_OBJC_LITERAL_CONVERSION = YES;
				CLANG_WARN_OBJC_ROOT_CLASS = YES_ERROR;
				CLANG_WARN_QUOTED_INCLUDE_IN_FRAMEWORK_HEADER = YES;
				CLANG_WARN_RANGE_LOOP_ANALYSIS = YES;
				CLANG_WARN_STRICT_PROTOTYPES = YES;
				CLANG_WARN_SUSPICIOUS_MOVE = YES;
				CLANG_WARN_UNGUARDED_AVAILABILITY = YES_AGGRESSIVE;
				CLANG_WARN_UNREACHABLE_CODE = YES;
				CLANG_WARN__DUPLICATE_METHOD_MATCH = YES;
				COPY_PHASE_STRIP = NO;
				DEBUG_INFORMATION_FORMAT = "dwarf-with-dsym";
				ENABLE_NS_ASSERTIONS = NO;
				ENABLE_STRICT_OBJC_MSGSEND = YES;
				ENABLE_USER_SCRIPT_SANDBOXING = YES;
				GCC_C_LANGUAGE_STANDARD = gnu17;
				GCC_NO_COMMON_BLOCKS = YES;
				GCC_WARN_64_TO_32_BIT_CONVERSION = YES;
				GCC_WARN_ABOUT_RETURN_TYPE = YES_ERROR;
				GCC_WARN_UNDECLARED_SELECTOR = YES;
				GCC_WARN_UNINITIALIZED_AUTOS = YES_AGGRESSIVE;
				GCC_WARN_UNUSED_FUNCTION = YES;
				GCC_WARN_UNUSED_VARIABLE = YES;
				IPHONEOS_DEPLOYMENT_TARGET = 17.2;
				LOCALIZATION_PREFERS_STRING_CATALOGS = YES;
				MTL_ENABLE_DEBUG_INFO = NO;
				MTL_FAST_MATH = YES;
				SDKROOT = iphoneos;
				SWIFT_COMPILATION_MODE = wholemodule;
				VALIDATE_PRODUCT = YES;
			};
			name = Release;
		};
		31DEBA952CE30CDA0067361D /* Debug */ = {
			isa = XCBuildConfiguration;
			baseConfigurationReference = FA6372A6A895789AD722E24E /* Pods-VideoToMP3.debug.xcconfig */;
			buildSettings = {
				ASSETCATALOG_COMPILER_APPICON_NAME = AppIcon;
				ASSETCATALOG_COMPILER_GLOBAL_ACCENT_COLOR_NAME = AccentColor;
				CODE_SIGN_STYLE = Automatic;
				CURRENT_PROJECT_VERSION = 1;
				DEVELOPMENT_TEAM = YBC6QZE5G7;
				ENABLE_USER_SCRIPT_SANDBOXING = NO;
				GENERATE_INFOPLIST_FILE = YES;
				INFOPLIST_FILE = VideoToMP3/Info.plist;
				INFOPLIST_KEY_NSPhotoLibraryUsageDescription = testing;
				INFOPLIST_KEY_UIApplicationSupportsIndirectInputEvents = YES;
				INFOPLIST_KEY_UILaunchStoryboardName = LaunchScreen;
				INFOPLIST_KEY_UIMainStoryboardFile = Main;
				INFOPLIST_KEY_UISupportedInterfaceOrientations_iPad = "UIInterfaceOrientationPortrait UIInterfaceOrientationPortraitUpsideDown UIInterfaceOrientationLandscapeLeft UIInterfaceOrientationLandscapeRight";
				INFOPLIST_KEY_UISupportedInterfaceOrientations_iPhone = "UIInterfaceOrientationPortrait UIInterfaceOrientationLandscapeLeft UIInterfaceOrientationLandscapeRight";
				LD_RUNPATH_SEARCH_PATHS = (
					"$(inherited)",
					"@executable_path/Frameworks",
				);
				MARKETING_VERSION = 1.0;
				PRODUCT_BUNDLE_IDENTIFIER = com.SSLPinningImp.VideoToMP3;
				PRODUCT_NAME = "$(TARGET_NAME)";
				SWIFT_EMIT_LOC_STRINGS = YES;
				SWIFT_VERSION = 5.0;
				TARGETED_DEVICE_FAMILY = "1,2";
			};
			name = Debug;
		};
		31DEBA962CE30CDA0067361D /* Release */ = {
			isa = XCBuildConfiguration;
			baseConfigurationReference = 31D85320704BA0C66F01078D /* Pods-VideoToMP3.release.xcconfig */;
			buildSettings = {
				ASSETCATALOG_COMPILER_APPICON_NAME = AppIcon;
				ASSETCATALOG_COMPILER_GLOBAL_ACCENT_COLOR_NAME = AccentColor;
				CODE_SIGN_STYLE = Automatic;
				CURRENT_PROJECT_VERSION = 1;
				DEVELOPMENT_TEAM = YBC6QZE5G7;
				ENABLE_USER_SCRIPT_SANDBOXING = NO;
				GENERATE_INFOPLIST_FILE = YES;
				INFOPLIST_FILE = VideoToMP3/Info.plist;
				INFOPLIST_KEY_NSPhotoLibraryUsageDescription = testing;
				INFOPLIST_KEY_UIApplicationSupportsIndirectInputEvents = YES;
				INFOPLIST_KEY_UILaunchStoryboardName = LaunchScreen;
				INFOPLIST_KEY_UIMainStoryboardFile = Main;
				INFOPLIST_KEY_UISupportedInterfaceOrientations_iPad = "UIInterfaceOrientationPortrait UIInterfaceOrientationPortraitUpsideDown UIInterfaceOrientationLandscapeLeft UIInterfaceOrientationLandscapeRight";
				INFOPLIST_KEY_UISupportedInterfaceOrientations_iPhone = "UIInterfaceOrientationPortrait UIInterfaceOrientationLandscapeLeft UIInterfaceOrientationLandscapeRight";
				LD_RUNPATH_SEARCH_PATHS = (
					"$(inherited)",
					"@executable_path/Frameworks",
				);
				MARKETING_VERSION = 1.0;
				PRODUCT_BUNDLE_IDENTIFIER = com.SSLPinningImp.VideoToMP3;
				PRODUCT_NAME = "$(TARGET_NAME)";
				SWIFT_EMIT_LOC_STRINGS = YES;
				SWIFT_VERSION = 5.0;
				TARGETED_DEVICE_FAMILY = "1,2";
			};
			name = Release;
		};
/* End XCBuildConfiguration section */

/* Begin XCConfigurationList section */
		31DEBA7B2CE30CD80067361D /* Build configuration list for PBXProject "VideoToMP3" */ = {
			isa = XCConfigurationList;
			buildConfigurations = (
				31DEBA922CE30CDA0067361D /* Debug */,
				31DEBA932CE30CDA0067361D /* Release */,
			);
			defaultConfigurationIsVisible = 0;
			defaultConfigurationName = Release;
		};
		31DEBA942CE30CDA0067361D /* Build configuration list for PBXNativeTarget "VideoToMP3" */ = {
			isa = XCConfigurationList;
			buildConfigurations = (
				31DEBA952CE30CDA0067361D /* Debug */,
				31DEBA962CE30CDA0067361D /* Release */,
			);
			defaultConfigurationIsVisible = 0;
			defaultConfigurationName = Release;
		};
/* End XCConfigurationList section */
	};
	rootObject = 31DEBA782CE30CD80067361D /* Project object */;
}
